
Microsoft Visual Studio Solution File, Format Version 12.00
# Visual Studio Version 16
VisualStudioVersion = 16.0.29403.142
MinimumVisualStudioVersion = 10.0.40219.1
Project("{FAE04EC0-301F-11D3-BF4B-00C04F79EFBC}") = "summahomma", "summahomma\summahomma.csproj", "{439F236A-78C2-461D-92E6-D0ACF9B04BB7}"
EndProject
Global
	GlobalSection(SolutionConfigurationPlatforms) = preSolution
		Debug|Any CPU = Debug|Any CPU
		Release|Any CPU = Release|Any CPU
	EndGlobalSection
	GlobalSection(ProjectConfigurationPlatforms) = postSolution
		{439F236A-78C2-461D-92E6-D0ACF9B04BB7}.Debug|Any CPU.ActiveCfg = Debug|Any CPU
		{439F236A-78C2-461D-92E6-D0ACF9B04BB7}.Debug|Any CPU.Build.0 = Debug|Any CPU
		{439F236A-78C2-461D-92E6-D0ACF9B04BB7}.Release|Any CPU.ActiveCfg = Release|Any CPU
		{439F236A-78C2-461D-92E6-D0ACF9B04BB7}.Release|Any CPU.Build.0 = Release|Any CPU
	EndGlobalSection
	GlobalSection(SolutionProperties) = preSolution
		HideSolutionNode = FALSE
	EndGlobalSection
	GlobalSection(ExtensibilityGlobals) = postSolution
		SolutionGuid = {ED5F96C1-94BD-407C-A241-960E8570A4BB}
	EndGlobalSection
EndGlobal
