
Microsoft Visual Studio Solution File, Format Version 12.00
# Visual Studio Version 16
VisualStudioVersion = 16.0.29411.108
MinimumVisualStudioVersion = 10.0.40219.1
Project("{FAE04EC0-301F-11D3-BF4B-00C04F79EFBC}") = "merkkijono4", "merkkijono4\merkkijono4.csproj", "{012257CA-DF29-4FF6-9291-A456F0CBB97B}"
EndProject
Global
	GlobalSection(SolutionConfigurationPlatforms) = preSolution
		Debug|Any CPU = Debug|Any CPU
		Release|Any CPU = Release|Any CPU
	EndGlobalSection
	GlobalSection(ProjectConfigurationPlatforms) = postSolution
		{012257CA-DF29-4FF6-9291-A456F0CBB97B}.Debug|Any CPU.ActiveCfg = Debug|Any CPU
		{012257CA-DF29-4FF6-9291-A456F0CBB97B}.Debug|Any CPU.Build.0 = Debug|Any CPU
		{012257CA-DF29-4FF6-9291-A456F0CBB97B}.Release|Any CPU.ActiveCfg = Release|Any CPU
		{012257CA-DF29-4FF6-9291-A456F0CBB97B}.Release|Any CPU.Build.0 = Release|Any CPU
	EndGlobalSection
	GlobalSection(SolutionProperties) = preSolution
		HideSolutionNode = FALSE
	EndGlobalSection
	GlobalSection(ExtensibilityGlobals) = postSolution
		SolutionGuid = {E11DC48A-647F-469E-A35B-135C5694FDC3}
	EndGlobalSection
EndGlobal
