
Microsoft Visual Studio Solution File, Format Version 12.00
# Visual Studio Version 16
VisualStudioVersion = 16.0.29411.108
MinimumVisualStudioVersion = 10.0.40219.1
Project("{FAE04EC0-301F-11D3-BF4B-00C04F79EFBC}") = "funktio_3", "funktio_3\funktio_3.csproj", "{7696551F-9D5E-493A-BE9E-33B44D4EA011}"
EndProject
Global
	GlobalSection(SolutionConfigurationPlatforms) = preSolution
		Debug|Any CPU = Debug|Any CPU
		Release|Any CPU = Release|Any CPU
	EndGlobalSection
	GlobalSection(ProjectConfigurationPlatforms) = postSolution
		{7696551F-9D5E-493A-BE9E-33B44D4EA011}.Debug|Any CPU.ActiveCfg = Debug|Any CPU
		{7696551F-9D5E-493A-BE9E-33B44D4EA011}.Debug|Any CPU.Build.0 = Debug|Any CPU
		{7696551F-9D5E-493A-BE9E-33B44D4EA011}.Release|Any CPU.ActiveCfg = Release|Any CPU
		{7696551F-9D5E-493A-BE9E-33B44D4EA011}.Release|Any CPU.Build.0 = Release|Any CPU
	EndGlobalSection
	GlobalSection(SolutionProperties) = preSolution
		HideSolutionNode = FALSE
	EndGlobalSection
	GlobalSection(ExtensibilityGlobals) = postSolution
		SolutionGuid = {E72858A6-7F24-4AC4-9A3F-B15BB0BFD30A}
	EndGlobalSection
EndGlobal
