
Microsoft Visual Studio Solution File, Format Version 12.00
# Visual Studio Version 16
VisualStudioVersion = 16.0.29411.108
MinimumVisualStudioVersion = 10.0.40219.1
Project("{FAE04EC0-301F-11D3-BF4B-00C04F79EFBC}") = "arviointi4", "arviointi4\arviointi4.csproj", "{DFB55C86-88B5-4F34-93D6-3C96006EF9FF}"
EndProject
Global
	GlobalSection(SolutionConfigurationPlatforms) = preSolution
		Debug|Any CPU = Debug|Any CPU
		Release|Any CPU = Release|Any CPU
	EndGlobalSection
	GlobalSection(ProjectConfigurationPlatforms) = postSolution
		{DFB55C86-88B5-4F34-93D6-3C96006EF9FF}.Debug|Any CPU.ActiveCfg = Debug|Any CPU
		{DFB55C86-88B5-4F34-93D6-3C96006EF9FF}.Debug|Any CPU.Build.0 = Debug|Any CPU
		{DFB55C86-88B5-4F34-93D6-3C96006EF9FF}.Release|Any CPU.ActiveCfg = Release|Any CPU
		{DFB55C86-88B5-4F34-93D6-3C96006EF9FF}.Release|Any CPU.Build.0 = Release|Any CPU
	EndGlobalSection
	GlobalSection(SolutionProperties) = preSolution
		HideSolutionNode = FALSE
	EndGlobalSection
	GlobalSection(ExtensibilityGlobals) = postSolution
		SolutionGuid = {2332B013-6A5E-420A-A990-8D9C72E4A6A8}
	EndGlobalSection
EndGlobal
