
Microsoft Visual Studio Solution File, Format Version 12.00
# Visual Studio Version 16
VisualStudioVersion = 16.0.29411.108
MinimumVisualStudioVersion = 10.0.40219.1
Project("{FAE04EC0-301F-11D3-BF4B-00C04F79EFBC}") = "toistorakenne3", "toistorakenne3\toistorakenne3.csproj", "{D01226DB-DC1B-4C4B-930B-BA6BE0485C66}"
EndProject
Global
	GlobalSection(SolutionConfigurationPlatforms) = preSolution
		Debug|Any CPU = Debug|Any CPU
		Release|Any CPU = Release|Any CPU
	EndGlobalSection
	GlobalSection(ProjectConfigurationPlatforms) = postSolution
		{D01226DB-DC1B-4C4B-930B-BA6BE0485C66}.Debug|Any CPU.ActiveCfg = Debug|Any CPU
		{D01226DB-DC1B-4C4B-930B-BA6BE0485C66}.Debug|Any CPU.Build.0 = Debug|Any CPU
		{D01226DB-DC1B-4C4B-930B-BA6BE0485C66}.Release|Any CPU.ActiveCfg = Release|Any CPU
		{D01226DB-DC1B-4C4B-930B-BA6BE0485C66}.Release|Any CPU.Build.0 = Release|Any CPU
	EndGlobalSection
	GlobalSection(SolutionProperties) = preSolution
		HideSolutionNode = FALSE
	EndGlobalSection
	GlobalSection(ExtensibilityGlobals) = postSolution
		SolutionGuid = {DA8DE64B-C5EF-467E-B5BB-869AC5A0F363}
	EndGlobalSection
EndGlobal
