
Microsoft Visual Studio Solution File, Format Version 12.00
# Visual Studio Version 16
VisualStudioVersion = 16.0.29215.179
MinimumVisualStudioVersion = 10.0.40219.1
Project("{FAE04EC0-301F-11D3-BF4B-00C04F79EFBC}") = "iif4", "iif4\iif4.csproj", "{4DCF24FC-439F-4780-8A11-8D6433AAD08A}"
EndProject
Global
	GlobalSection(SolutionConfigurationPlatforms) = preSolution
		Debug|Any CPU = Debug|Any CPU
		Release|Any CPU = Release|Any CPU
	EndGlobalSection
	GlobalSection(ProjectConfigurationPlatforms) = postSolution
		{4DCF24FC-439F-4780-8A11-8D6433AAD08A}.Debug|Any CPU.ActiveCfg = Debug|Any CPU
		{4DCF24FC-439F-4780-8A11-8D6433AAD08A}.Debug|Any CPU.Build.0 = Debug|Any CPU
		{4DCF24FC-439F-4780-8A11-8D6433AAD08A}.Release|Any CPU.ActiveCfg = Release|Any CPU
		{4DCF24FC-439F-4780-8A11-8D6433AAD08A}.Release|Any CPU.Build.0 = Release|Any CPU
	EndGlobalSection
	GlobalSection(SolutionProperties) = preSolution
		HideSolutionNode = FALSE
	EndGlobalSection
	GlobalSection(ExtensibilityGlobals) = postSolution
		SolutionGuid = {30015BFC-ED32-4DAD-9ACA-2B81AE612A8D}
	EndGlobalSection
EndGlobal
