
Microsoft Visual Studio Solution File, Format Version 12.00
# Visual Studio Version 16
VisualStudioVersion = 16.0.29411.108
MinimumVisualStudioVersion = 10.0.40219.1
Project("{FAE04EC0-301F-11D3-BF4B-00C04F79EFBC}") = "funktio2", "funktio2\funktio2.csproj", "{A860B02A-A643-4CA6-BF86-6C674599BE49}"
EndProject
Global
	GlobalSection(SolutionConfigurationPlatforms) = preSolution
		Debug|Any CPU = Debug|Any CPU
		Release|Any CPU = Release|Any CPU
	EndGlobalSection
	GlobalSection(ProjectConfigurationPlatforms) = postSolution
		{A860B02A-A643-4CA6-BF86-6C674599BE49}.Debug|Any CPU.ActiveCfg = Debug|Any CPU
		{A860B02A-A643-4CA6-BF86-6C674599BE49}.Debug|Any CPU.Build.0 = Debug|Any CPU
		{A860B02A-A643-4CA6-BF86-6C674599BE49}.Release|Any CPU.ActiveCfg = Release|Any CPU
		{A860B02A-A643-4CA6-BF86-6C674599BE49}.Release|Any CPU.Build.0 = Release|Any CPU
	EndGlobalSection
	GlobalSection(SolutionProperties) = preSolution
		HideSolutionNode = FALSE
	EndGlobalSection
	GlobalSection(ExtensibilityGlobals) = postSolution
		SolutionGuid = {02B5AADF-6B29-4B36-8D1D-1616AA623658}
	EndGlobalSection
EndGlobal
