
Microsoft Visual Studio Solution File, Format Version 12.00
# Visual Studio Version 16
VisualStudioVersion = 16.0.29411.108
MinimumVisualStudioVersion = 10.0.40219.1
Project("{FAE04EC0-301F-11D3-BF4B-00C04F79EFBC}") = "toistorakenne1", "toistorakenne1\toistorakenne1.csproj", "{46F76235-DF5E-4348-9CE2-F6A8D5EFC986}"
EndProject
Global
	GlobalSection(SolutionConfigurationPlatforms) = preSolution
		Debug|Any CPU = Debug|Any CPU
		Release|Any CPU = Release|Any CPU
	EndGlobalSection
	GlobalSection(ProjectConfigurationPlatforms) = postSolution
		{46F76235-DF5E-4348-9CE2-F6A8D5EFC986}.Debug|Any CPU.ActiveCfg = Debug|Any CPU
		{46F76235-DF5E-4348-9CE2-F6A8D5EFC986}.Debug|Any CPU.Build.0 = Debug|Any CPU
		{46F76235-DF5E-4348-9CE2-F6A8D5EFC986}.Release|Any CPU.ActiveCfg = Release|Any CPU
		{46F76235-DF5E-4348-9CE2-F6A8D5EFC986}.Release|Any CPU.Build.0 = Release|Any CPU
	EndGlobalSection
	GlobalSection(SolutionProperties) = preSolution
		HideSolutionNode = FALSE
	EndGlobalSection
	GlobalSection(ExtensibilityGlobals) = postSolution
		SolutionGuid = {1D6F1DF3-0915-4195-AACD-8A2DB6112908}
	EndGlobalSection
EndGlobal
