
Microsoft Visual Studio Solution File, Format Version 12.00
# Visual Studio Version 16
VisualStudioVersion = 16.0.29411.108
MinimumVisualStudioVersion = 10.0.40219.1
Project("{FAE04EC0-301F-11D3-BF4B-00C04F79EFBC}") = "toistorakenne6", "toistorakenne6\toistorakenne6.csproj", "{D81AE7E4-2861-419C-AB3A-5FC757456BEA}"
EndProject
Global
	GlobalSection(SolutionConfigurationPlatforms) = preSolution
		Debug|Any CPU = Debug|Any CPU
		Release|Any CPU = Release|Any CPU
	EndGlobalSection
	GlobalSection(ProjectConfigurationPlatforms) = postSolution
		{D81AE7E4-2861-419C-AB3A-5FC757456BEA}.Debug|Any CPU.ActiveCfg = Debug|Any CPU
		{D81AE7E4-2861-419C-AB3A-5FC757456BEA}.Debug|Any CPU.Build.0 = Debug|Any CPU
		{D81AE7E4-2861-419C-AB3A-5FC757456BEA}.Release|Any CPU.ActiveCfg = Release|Any CPU
		{D81AE7E4-2861-419C-AB3A-5FC757456BEA}.Release|Any CPU.Build.0 = Release|Any CPU
	EndGlobalSection
	GlobalSection(SolutionProperties) = preSolution
		HideSolutionNode = FALSE
	EndGlobalSection
	GlobalSection(ExtensibilityGlobals) = postSolution
		SolutionGuid = {2A6C8E32-3670-49BA-A8C1-38FBA6B87F02}
	EndGlobalSection
EndGlobal
