
Microsoft Visual Studio Solution File, Format Version 12.00
# Visual Studio Version 16
VisualStudioVersion = 16.0.29215.179
MinimumVisualStudioVersion = 10.0.40219.1
Project("{FAE04EC0-301F-11D3-BF4B-00C04F79EFBC}") = "iflippu", "iflippu\iflippu.csproj", "{05053DFB-362C-4F17-8A2E-5B3615FC1650}"
EndProject
Global
	GlobalSection(SolutionConfigurationPlatforms) = preSolution
		Debug|Any CPU = Debug|Any CPU
		Release|Any CPU = Release|Any CPU
	EndGlobalSection
	GlobalSection(ProjectConfigurationPlatforms) = postSolution
		{05053DFB-362C-4F17-8A2E-5B3615FC1650}.Debug|Any CPU.ActiveCfg = Debug|Any CPU
		{05053DFB-362C-4F17-8A2E-5B3615FC1650}.Debug|Any CPU.Build.0 = Debug|Any CPU
		{05053DFB-362C-4F17-8A2E-5B3615FC1650}.Release|Any CPU.ActiveCfg = Release|Any CPU
		{05053DFB-362C-4F17-8A2E-5B3615FC1650}.Release|Any CPU.Build.0 = Release|Any CPU
	EndGlobalSection
	GlobalSection(SolutionProperties) = preSolution
		HideSolutionNode = FALSE
	EndGlobalSection
	GlobalSection(ExtensibilityGlobals) = postSolution
		SolutionGuid = {D482D517-26A5-4420-8557-10A5441060A9}
	EndGlobalSection
EndGlobal
