
Microsoft Visual Studio Solution File, Format Version 12.00
# Visual Studio Version 16
VisualStudioVersion = 16.0.29215.179
MinimumVisualStudioVersion = 10.0.40219.1
Project("{FAE04EC0-301F-11D3-BF4B-00C04F79EFBC}") = "eemacarena", "eemacarena\eemacarena.csproj", "{5385F104-140C-4311-ADFF-978C31DF6CA0}"
EndProject
Global
	GlobalSection(SolutionConfigurationPlatforms) = preSolution
		Debug|Any CPU = Debug|Any CPU
		Release|Any CPU = Release|Any CPU
	EndGlobalSection
	GlobalSection(ProjectConfigurationPlatforms) = postSolution
		{5385F104-140C-4311-ADFF-978C31DF6CA0}.Debug|Any CPU.ActiveCfg = Debug|Any CPU
		{5385F104-140C-4311-ADFF-978C31DF6CA0}.Debug|Any CPU.Build.0 = Debug|Any CPU
		{5385F104-140C-4311-ADFF-978C31DF6CA0}.Release|Any CPU.ActiveCfg = Release|Any CPU
		{5385F104-140C-4311-ADFF-978C31DF6CA0}.Release|Any CPU.Build.0 = Release|Any CPU
	EndGlobalSection
	GlobalSection(SolutionProperties) = preSolution
		HideSolutionNode = FALSE
	EndGlobalSection
	GlobalSection(ExtensibilityGlobals) = postSolution
		SolutionGuid = {F423EF43-12EA-43D5-9FDC-FF8EB4055AAB}
	EndGlobalSection
EndGlobal
